
Microsoft Visual Studio Solution File, Format Version 12.00
# Visual Studio Version 17
VisualStudioVersion = 17.7.34003.232
MinimumVisualStudioVersion = 10.0.40219.1
Project("{2150E333-8FDC-42A3-9474-1A3956D46DE8}") = "HW", "HW", "{950D2FD9-7078-443D-B253-0270E2FF02FE}"
EndProject
Project("{8BC9CEB8-8B4A-11D0-8D11-00A0C91BC942}") = "HW-T8", "HW-T8\HW-T8.vcxproj", "{3907D9F7-F1BA-46B8-864E-1C6B1BC4D59A}"
EndProject
Project("{8BC9CEB8-8B4A-11D0-8D11-00A0C91BC942}") = "HW-T6", "HW-T6\HW-T6.vcxproj", "{8D14C370-84D8-4659-8B9A-9FB642852430}"
EndProject
Project("{2150E333-8FDC-42A3-9474-1A3956D46DE8}") = "LAB", "LAB", "{B9FE6991-BB72-4D13-964D-C19D706CB30B}"
EndProject
Project("{8BC9CEB8-8B4A-11D0-8D11-00A0C91BC942}") = "LAB7", "LAB7\LAB7.vcxproj", "{AA3B9E3A-C30F-4815-9880-64588F23FA28}"
EndProject
Project("{8BC9CEB8-8B4A-11D0-8D11-00A0C91BC942}") = "LAB8", "LAB8\LAB8.vcxproj", "{A38DA008-0EBF-49E8-B2E5-016E1316B5A1}"
EndProject
Project("{2150E333-8FDC-42A3-9474-1A3956D46DE8}") = "새 폴더1", "새 폴더1", "{5B7FA458-C71F-46EE-828A-93EC13F29637}"
EndProject
Project("{8BC9CEB8-8B4A-11D0-8D11-00A0C91BC942}") = "10장", "10장\10장.vcxproj", "{55BDFC02-8684-41C2-9F27-44E7FA2BE753}"
EndProject
Project("{8BC9CEB8-8B4A-11D0-8D11-00A0C91BC942}") = "11장", "11장\11장.vcxproj", "{1CD19F02-FCBF-4C59-927F-3D2B5E757D78}"
EndProject
Project("{8BC9CEB8-8B4A-11D0-8D11-00A0C91BC942}") = "7장", "7장\7장.vcxproj", "{9CB74AAF-7B46-411E-A7DB-88D799C7C44C}"
EndProject
Project("{8BC9CEB8-8B4A-11D0-8D11-00A0C91BC942}") = "HW-T7", "HW-T7\HW-T7.vcxproj", "{2FBF7F21-2856-4BFE-B29F-F74439771406}"
EndProject
Project("{8BC9CEB8-8B4A-11D0-8D11-00A0C91BC942}") = "8장", "8장\8장.vcxproj", "{BF6AD11D-364A-4E39-B417-E120A9BEFC11}"
EndProject
Project("{8BC9CEB8-8B4A-11D0-8D11-00A0C91BC942}") = "9장", "9장\9장.vcxproj", "{D78F475A-1621-41CE-8227-4F4C7A9E5C94}"
EndProject
Project("{8BC9CEB8-8B4A-11D0-8D11-00A0C91BC942}") = "총정리 코드", "총정리 코드\총정리 코드.vcxproj", "{D8F4FF70-8C25-4632-AE06-4A6268780D15}"
EndProject
Global
	GlobalSection(SolutionConfigurationPlatforms) = preSolution
		Debug|x64 = Debug|x64
		Debug|x86 = Debug|x86
		Release|x64 = Release|x64
		Release|x86 = Release|x86
	EndGlobalSection
	GlobalSection(ProjectConfigurationPlatforms) = postSolution
		{3907D9F7-F1BA-46B8-864E-1C6B1BC4D59A}.Debug|x64.ActiveCfg = Debug|x64
		{3907D9F7-F1BA-46B8-864E-1C6B1BC4D59A}.Debug|x64.Build.0 = Debug|x64
		{3907D9F7-F1BA-46B8-864E-1C6B1BC4D59A}.Debug|x86.ActiveCfg = Debug|Win32
		{3907D9F7-F1BA-46B8-864E-1C6B1BC4D59A}.Debug|x86.Build.0 = Debug|Win32
		{3907D9F7-F1BA-46B8-864E-1C6B1BC4D59A}.Release|x64.ActiveCfg = Release|x64
		{3907D9F7-F1BA-46B8-864E-1C6B1BC4D59A}.Release|x64.Build.0 = Release|x64
		{3907D9F7-F1BA-46B8-864E-1C6B1BC4D59A}.Release|x86.ActiveCfg = Release|Win32
		{3907D9F7-F1BA-46B8-864E-1C6B1BC4D59A}.Release|x86.Build.0 = Release|Win32
		{8D14C370-84D8-4659-8B9A-9FB642852430}.Debug|x64.ActiveCfg = Debug|x64
		{8D14C370-84D8-4659-8B9A-9FB642852430}.Debug|x64.Build.0 = Debug|x64
		{8D14C370-84D8-4659-8B9A-9FB642852430}.Debug|x86.ActiveCfg = Debug|Win32
		{8D14C370-84D8-4659-8B9A-9FB642852430}.Debug|x86.Build.0 = Debug|Win32
		{8D14C370-84D8-4659-8B9A-9FB642852430}.Release|x64.ActiveCfg = Release|x64
		{8D14C370-84D8-4659-8B9A-9FB642852430}.Release|x64.Build.0 = Release|x64
		{8D14C370-84D8-4659-8B9A-9FB642852430}.Release|x86.ActiveCfg = Release|Win32
		{8D14C370-84D8-4659-8B9A-9FB642852430}.Release|x86.Build.0 = Release|Win32
		{AA3B9E3A-C30F-4815-9880-64588F23FA28}.Debug|x64.ActiveCfg = Debug|x64
		{AA3B9E3A-C30F-4815-9880-64588F23FA28}.Debug|x64.Build.0 = Debug|x64
		{AA3B9E3A-C30F-4815-9880-64588F23FA28}.Debug|x86.ActiveCfg = Debug|Win32
		{AA3B9E3A-C30F-4815-9880-64588F23FA28}.Debug|x86.Build.0 = Debug|Win32
		{AA3B9E3A-C30F-4815-9880-64588F23FA28}.Release|x64.ActiveCfg = Release|x64
		{AA3B9E3A-C30F-4815-9880-64588F23FA28}.Release|x64.Build.0 = Release|x64
		{AA3B9E3A-C30F-4815-9880-64588F23FA28}.Release|x86.ActiveCfg = Release|Win32
		{AA3B9E3A-C30F-4815-9880-64588F23FA28}.Release|x86.Build.0 = Release|Win32
		{A38DA008-0EBF-49E8-B2E5-016E1316B5A1}.Debug|x64.ActiveCfg = Debug|x64
		{A38DA008-0EBF-49E8-B2E5-016E1316B5A1}.Debug|x64.Build.0 = Debug|x64
		{A38DA008-0EBF-49E8-B2E5-016E1316B5A1}.Debug|x86.ActiveCfg = Debug|Win32
		{A38DA008-0EBF-49E8-B2E5-016E1316B5A1}.Debug|x86.Build.0 = Debug|Win32
		{A38DA008-0EBF-49E8-B2E5-016E1316B5A1}.Release|x64.ActiveCfg = Release|x64
		{A38DA008-0EBF-49E8-B2E5-016E1316B5A1}.Release|x64.Build.0 = Release|x64
		{A38DA008-0EBF-49E8-B2E5-016E1316B5A1}.Release|x86.ActiveCfg = Release|Win32
		{A38DA008-0EBF-49E8-B2E5-016E1316B5A1}.Release|x86.Build.0 = Release|Win32
		{55BDFC02-8684-41C2-9F27-44E7FA2BE753}.Debug|x64.ActiveCfg = Debug|x64
		{55BDFC02-8684-41C2-9F27-44E7FA2BE753}.Debug|x64.Build.0 = Debug|x64
		{55BDFC02-8684-41C2-9F27-44E7FA2BE753}.Debug|x86.ActiveCfg = Debug|Win32
		{55BDFC02-8684-41C2-9F27-44E7FA2BE753}.Debug|x86.Build.0 = Debug|Win32
		{55BDFC02-8684-41C2-9F27-44E7FA2BE753}.Release|x64.ActiveCfg = Release|x64
		{55BDFC02-8684-41C2-9F27-44E7FA2BE753}.Release|x64.Build.0 = Release|x64
		{55BDFC02-8684-41C2-9F27-44E7FA2BE753}.Release|x86.ActiveCfg = Release|Win32
		{55BDFC02-8684-41C2-9F27-44E7FA2BE753}.Release|x86.Build.0 = Release|Win32
		{1CD19F02-FCBF-4C59-927F-3D2B5E757D78}.Debug|x64.ActiveCfg = Debug|x64
		{1CD19F02-FCBF-4C59-927F-3D2B5E757D78}.Debug|x64.Build.0 = Debug|x64
		{1CD19F02-FCBF-4C59-927F-3D2B5E757D78}.Debug|x86.ActiveCfg = Debug|Win32
		{1CD19F02-FCBF-4C59-927F-3D2B5E757D78}.Debug|x86.Build.0 = Debug|Win32
		{1CD19F02-FCBF-4C59-927F-3D2B5E757D78}.Release|x64.ActiveCfg = Release|x64
		{1CD19F02-FCBF-4C59-927F-3D2B5E757D78}.Release|x64.Build.0 = Release|x64
		{1CD19F02-FCBF-4C59-927F-3D2B5E757D78}.Release|x86.ActiveCfg = Release|Win32
		{1CD19F02-FCBF-4C59-927F-3D2B5E757D78}.Release|x86.Build.0 = Release|Win32
		{9CB74AAF-7B46-411E-A7DB-88D799C7C44C}.Debug|x64.ActiveCfg = Debug|x64
		{9CB74AAF-7B46-411E-A7DB-88D799C7C44C}.Debug|x64.Build.0 = Debug|x64
		{9CB74AAF-7B46-411E-A7DB-88D799C7C44C}.Debug|x86.ActiveCfg = Debug|Win32
		{9CB74AAF-7B46-411E-A7DB-88D799C7C44C}.Debug|x86.Build.0 = Debug|Win32
		{9CB74AAF-7B46-411E-A7DB-88D799C7C44C}.Release|x64.ActiveCfg = Release|x64
		{9CB74AAF-7B46-411E-A7DB-88D799C7C44C}.Release|x64.Build.0 = Release|x64
		{9CB74AAF-7B46-411E-A7DB-88D799C7C44C}.Release|x86.ActiveCfg = Release|Win32
		{9CB74AAF-7B46-411E-A7DB-88D799C7C44C}.Release|x86.Build.0 = Release|Win32
		{2FBF7F21-2856-4BFE-B29F-F74439771406}.Debug|x64.ActiveCfg = Debug|x64
		{2FBF7F21-2856-4BFE-B29F-F74439771406}.Debug|x64.Build.0 = Debug|x64
		{2FBF7F21-2856-4BFE-B29F-F74439771406}.Debug|x86.ActiveCfg = Debug|Win32
		{2FBF7F21-2856-4BFE-B29F-F74439771406}.Debug|x86.Build.0 = Debug|Win32
		{2FBF7F21-2856-4BFE-B29F-F74439771406}.Release|x64.ActiveCfg = Release|x64
		{2FBF7F21-2856-4BFE-B29F-F74439771406}.Release|x64.Build.0 = Release|x64
		{2FBF7F21-2856-4BFE-B29F-F74439771406}.Release|x86.ActiveCfg = Release|Win32
		{2FBF7F21-2856-4BFE-B29F-F74439771406}.Release|x86.Build.0 = Release|Win32
		{BF6AD11D-364A-4E39-B417-E120A9BEFC11}.Debug|x64.ActiveCfg = Debug|x64
		{BF6AD11D-364A-4E39-B417-E120A9BEFC11}.Debug|x64.Build.0 = Debug|x64
		{BF6AD11D-364A-4E39-B417-E120A9BEFC11}.Debug|x86.ActiveCfg = Debug|Win32
		{BF6AD11D-364A-4E39-B417-E120A9BEFC11}.Debug|x86.Build.0 = Debug|Win32
		{BF6AD11D-364A-4E39-B417-E120A9BEFC11}.Release|x64.ActiveCfg = Release|x64
		{BF6AD11D-364A-4E39-B417-E120A9BEFC11}.Release|x64.Build.0 = Release|x64
		{BF6AD11D-364A-4E39-B417-E120A9BEFC11}.Release|x86.ActiveCfg = Release|Win32
		{BF6AD11D-364A-4E39-B417-E120A9BEFC11}.Release|x86.Build.0 = Release|Win32
		{D78F475A-1621-41CE-8227-4F4C7A9E5C94}.Debug|x64.ActiveCfg = Debug|x64
		{D78F475A-1621-41CE-8227-4F4C7A9E5C94}.Debug|x64.Build.0 = Debug|x64
		{D78F475A-1621-41CE-8227-4F4C7A9E5C94}.Debug|x86.ActiveCfg = Debug|Win32
		{D78F475A-1621-41CE-8227-4F4C7A9E5C94}.Debug|x86.Build.0 = Debug|Win32
		{D78F475A-1621-41CE-8227-4F4C7A9E5C94}.Release|x64.ActiveCfg = Release|x64
		{D78F475A-1621-41CE-8227-4F4C7A9E5C94}.Release|x64.Build.0 = Release|x64
		{D78F475A-1621-41CE-8227-4F4C7A9E5C94}.Release|x86.ActiveCfg = Release|Win32
		{D78F475A-1621-41CE-8227-4F4C7A9E5C94}.Release|x86.Build.0 = Release|Win32
		{D8F4FF70-8C25-4632-AE06-4A6268780D15}.Debug|x64.ActiveCfg = Debug|x64
		{D8F4FF70-8C25-4632-AE06-4A6268780D15}.Debug|x64.Build.0 = Debug|x64
		{D8F4FF70-8C25-4632-AE06-4A6268780D15}.Debug|x86.ActiveCfg = Debug|Win32
		{D8F4FF70-8C25-4632-AE06-4A6268780D15}.Debug|x86.Build.0 = Debug|Win32
		{D8F4FF70-8C25-4632-AE06-4A6268780D15}.Release|x64.ActiveCfg = Release|x64
		{D8F4FF70-8C25-4632-AE06-4A6268780D15}.Release|x64.Build.0 = Release|x64
		{D8F4FF70-8C25-4632-AE06-4A6268780D15}.Release|x86.ActiveCfg = Release|Win32
		{D8F4FF70-8C25-4632-AE06-4A6268780D15}.Release|x86.Build.0 = Release|Win32
	EndGlobalSection
	GlobalSection(SolutionProperties) = preSolution
		HideSolutionNode = FALSE
	EndGlobalSection
	GlobalSection(NestedProjects) = preSolution
		{3907D9F7-F1BA-46B8-864E-1C6B1BC4D59A} = {950D2FD9-7078-443D-B253-0270E2FF02FE}
		{8D14C370-84D8-4659-8B9A-9FB642852430} = {950D2FD9-7078-443D-B253-0270E2FF02FE}
		{AA3B9E3A-C30F-4815-9880-64588F23FA28} = {B9FE6991-BB72-4D13-964D-C19D706CB30B}
		{A38DA008-0EBF-49E8-B2E5-016E1316B5A1} = {B9FE6991-BB72-4D13-964D-C19D706CB30B}
		{55BDFC02-8684-41C2-9F27-44E7FA2BE753} = {5B7FA458-C71F-46EE-828A-93EC13F29637}
		{1CD19F02-FCBF-4C59-927F-3D2B5E757D78} = {5B7FA458-C71F-46EE-828A-93EC13F29637}
		{9CB74AAF-7B46-411E-A7DB-88D799C7C44C} = {5B7FA458-C71F-46EE-828A-93EC13F29637}
		{2FBF7F21-2856-4BFE-B29F-F74439771406} = {950D2FD9-7078-443D-B253-0270E2FF02FE}
		{BF6AD11D-364A-4E39-B417-E120A9BEFC11} = {5B7FA458-C71F-46EE-828A-93EC13F29637}
		{D78F475A-1621-41CE-8227-4F4C7A9E5C94} = {5B7FA458-C71F-46EE-828A-93EC13F29637}
		{D8F4FF70-8C25-4632-AE06-4A6268780D15} = {5B7FA458-C71F-46EE-828A-93EC13F29637}
	EndGlobalSection
	GlobalSection(ExtensibilityGlobals) = postSolution
		SolutionGuid = {0695D7BD-49B1-4AA9-953C-82A04DD20C54}
	EndGlobalSection
EndGlobal
